// !$*UTF8*$!
{
	archiveVersion = 1;
	classes = {
	};
	objectVersion = 46;
	objects = {

/* Begin PBXBuildFile section */
		E4DD068A1DCE1EAF003AE34C /* main.m in Sources */ = {isa = PBXBuildFile; fileRef = E4DD06891DCE1EAF003AE34C /* main.m */; };
		E4DD068D1DCE1EAF003AE34C /* AppDelegate.m in Sources */ = {isa = PBXBuildFile; fileRef = E4DD068C1DCE1EAF003AE34C /* AppDelegate.m */; };
		E4DD06931DCE1EAF003AE34C /* Main.storyboard in Resources */ = {isa = PBXBuildFile; fileRef = E4DD06911DCE1EAF003AE34C /* Main.storyboard */; };
		E4DD06951DCE1EAF003AE34C /* Assets.xcassets in Resources */ = {isa = PBXBuildFile; fileRef = E4DD06941DCE1EAF003AE34C /* Assets.xcassets */; };
		E4DD06981DCE1EAF003AE34C /* LaunchScreen.storyboard in Resources */ = {isa = PBXBuildFile; fileRef = E4DD06961DCE1EAF003AE34C /* LaunchScreen.storyboard */; };
		E4DD06A71DCE21D4003AE34C /* InputViewController.m in Sources */ = {isa = PBXBuildFile; fileRef = E4DD06A61DCE21D4003AE34C /* InputViewController.m */; };
		E4DD06AA1DCE2351003AE34C /* CounterViewController.m in Sources */ = {isa = PBXBuildFile; fileRef = E4DD06A91DCE2351003AE34C /* CounterViewController.m */; };
/* End PBXBuildFile section */

/* Begin PBXFileReference section */
		E4DD06851DCE1EAF003AE34C /* Quiz2CristianFernandez.app */ = {isa = PBXFileReference; explicitFileType = wrapper.application; includeInIndex = 0; path = Quiz2CristianFernandez.app; sourceTree = BUILT_PRODUCTS_DIR; };
		E4DD06891DCE1EAF003AE34C /* main.m */ = {isa = PBXFileReference; lastKnownFileType = sourcecode.c.objc; path = main.m; sourceTree = "<group>"; };
		E4DD068B1DCE1EAF003AE34C /* AppDelegate.h */ = {isa = PBXFileReference; lastKnownFileType = sourcecode.c.h; path = AppDelegate.h; sourceTree = "<group>"; };
		E4DD068C1DCE1EAF003AE34C /* AppDelegate.m */ = {isa = PBXFileReference; lastKnownFileType = sourcecode.c.objc; path = AppDelegate.m; sourceTree = "<group>"; };
		E4DD06921DCE1EAF003AE34C /* Base */ = {isa = PBXFileReference; lastKnownFileType = file.storyboard; name = Base; path = Base.lproj/Main.storyboard; sourceTree = "<group>"; };
		E4DD06941DCE1EAF003AE34C /* Assets.xcassets */ = {isa = PBXFileReference; lastKnownFileType = folder.assetcatalog; path = Assets.xcassets; sourceTree = "<group>"; };
		E4DD06971DCE1EAF003AE34C /* Base */ = {isa = PBXFileReference; lastKnownFileType = file.storyboard; name = Base; path = Base.lproj/LaunchScreen.storyboard; sourceTree = "<group>"; };
		E4DD06991DCE1EAF003AE34C /* Info.plist */ = {isa = PBXFileReference; lastKnownFileType = text.plist.xml; path = Info.plist; sourceTree = "<group>"; };
		E4DD06A51DCE21D4003AE34C /* InputViewController.h */ = {isa = PBXFileReference; fileEncoding = 4; lastKnownFileType = sourcecode.c.h; name = InputViewController.h; path = ../InputViewController.h; sourceTree = "<group>"; };
		E4DD06A61DCE21D4003AE34C /* InputViewController.m */ = {isa = PBXFileReference; fileEncoding = 4; lastKnownFileType = sourcecode.c.objc; name = InputViewController.m; path = ../InputViewController.m; sourceTree = "<group>"; };
		E4DD06A81DCE2351003AE34C /* CounterViewController.h */ = {isa = PBXFileReference; fileEncoding = 4; lastKnownFileType = sourcecode.c.h; path = CounterViewController.h; sourceTree = "<group>"; };
		E4DD06A91DCE2351003AE34C /* CounterViewController.m */ = {isa = PBXFileReference; fileEncoding = 4; lastKnownFileType = sourcecode.c.objc; path = CounterViewController.m; sourceTree = "<group>"; };
/* End PBXFileReference section */

/* Begin PBXFrameworksBuildPhase section */
		E4DD06821DCE1EAF003AE34C /* Frameworks */ = {
			isa = PBXFrameworksBuildPhase;
			buildActionMask = 2147483647;
			files = (
			);
			runOnlyForDeploymentPostprocessing = 0;
		};
/* End PBXFrameworksBuildPhase section */

/* Begin PBXGroup section */
		E4DD067C1DCE1EAF003AE34C = {
			isa = PBXGroup;
			children = (
				E4DD06871DCE1EAF003AE34C /* Quiz2CristianFernandez */,
				E4DD06861DCE1EAF003AE34C /* Products */,
			);
			sourceTree = "<group>";
		};
		E4DD06861DCE1EAF003AE34C /* Products */ = {
			isa = PBXGroup;
			children = (
				E4DD06851DCE1EAF003AE34C /* Quiz2CristianFernandez.app */,
			);
			name = Products;
			sourceTree = "<group>";
		};
		E4DD06871DCE1EAF003AE34C /* Quiz2CristianFernandez */ = {
			isa = PBXGroup;
			children = (
				E4DD06A51DCE21D4003AE34C /* InputViewController.h */,
				E4DD06A61DCE21D4003AE34C /* InputViewController.m */,
				E4DD06A81DCE2351003AE34C /* CounterViewController.h */,
				E4DD06A91DCE2351003AE34C /* CounterViewController.m */,
				E4DD068B1DCE1EAF003AE34C /* AppDelegate.h */,
				E4DD068C1DCE1EAF003AE34C /* AppDelegate.m */,
				E4DD06911DCE1EAF003AE34C /* Main.storyboard */,
				E4DD06941DCE1EAF003AE34C /* Assets.xcassets */,
				E4DD06961DCE1EAF003AE34C /* LaunchScreen.storyboard */,
				E4DD06991DCE1EAF003AE34C /* Info.plist */,
				E4DD06881DCE1EAF003AE34C /* Supporting Files */,
			);
			path = Quiz2CristianFernandez;
			sourceTree = "<group>";
		};
		E4DD06881DCE1EAF003AE34C /* Supporting Files */ = {
			isa = PBXGroup;
			children = (
				E4DD06891DCE1EAF003AE34C /* main.m */,
			);
			name = "Supporting Files";
			sourceTree = "<group>";
		};
/* End PBXGroup section */

/* Begin PBXNativeTarget section */
		E4DD06841DCE1EAF003AE34C /* Quiz2CristianFernandez */ = {
			isa = PBXNativeTarget;
			buildConfigurationList = E4DD069C1DCE1EAF003AE34C /* Build configuration list for PBXNativeTarget "Quiz2CristianFernandez" */;
			buildPhases = (
				E4DD06811DCE1EAF003AE34C /* Sources */,
				E4DD06821DCE1EAF003AE34C /* Frameworks */,
				E4DD06831DCE1EAF003AE34C /* Resources */,
			);
			buildRules = (
			);
			dependencies = (
			);
			name = Quiz2CristianFernandez;
			productName = Quiz2CristianFernandez;
			productReference = E4DD06851DCE1EAF003AE34C /* Quiz2CristianFernandez.app */;
			productType = "com.apple.product-type.application";
		};
/* End PBXNativeTarget section */

/* Begin PBXProject section */
		E4DD067D1DCE1EAF003AE34C /* Project object */ = {
			isa = PBXProject;
			attributes = {
				LastUpgradeCheck = 0730;
				ORGANIZATIONNAME = "Cristian Fernandez";
				TargetAttributes = {
					E4DD06841DCE1EAF003AE34C = {
						CreatedOnToolsVersion = 7.3.1;
					};
				};
			};
			buildConfigurationList = E4DD06801DCE1EAF003AE34C /* Build configuration list for PBXProject "Quiz2CristianFernandez" */;
			compatibilityVersion = "Xcode 3.2";
			developmentRegion = English;
			hasScannedForEncodings = 0;
			knownRegions = (
				en,
				Base,
			);
			mainGroup = E4DD067C1DCE1EAF003AE34C;
			productRefGroup = E4DD06861DCE1EAF003AE34C /* Products */;
			projectDirPath = "";
			projectRoot = "";
			targets = (
				E4DD06841DCE1EAF003AE34C /* Quiz2CristianFernandez */,
			);
		};
/* End PBXProject section */

/* Begin PBXResourcesBuildPhase section */
		E4DD06831DCE1EAF003AE34C /* Resources */ = {
			isa = PBXResourcesBuildPhase;
			buildActionMask = 2147483647;
			files = (
				E4DD06981DCE1EAF003AE34C /* LaunchScreen.storyboard in Resources */,
				E4DD06951DCE1EAF003AE34C /* Assets.xcassets in Resources */,
				E4DD06931DCE1EAF003AE34C /* Main.storyboard in Resources */,
			);
			runOnlyForDeploymentPostprocessing = 0;
		};
/* End PBXResourcesBuildPhase section */

/* Begin PBXSourcesBuildPhase section */
		E4DD06811DCE1EAF003AE34C /* Sources */ = {
			isa = PBXSourcesBuildPhase;
			buildActionMask = 2147483647;
			files = (
				E4DD068D1DCE1EAF003AE34C /* AppDelegate.m in Sources */,
				E4DD06AA1DCE2351003AE34C /* CounterViewController.m in Sources */,
				E4DD06A71DCE21D4003AE34C /* InputViewController.m in Sources */,
				E4DD068A1DCE1EAF003AE34C /* main.m in Sources */,
			);
			runOnlyForDeploymentPostprocessing = 0;
		};
/* End PBXSourcesBuildPhase section */

/* Begin PBXVariantGroup section */
		E4DD06911DCE1EAF003AE34C /* Main.storyboard */ = {
			isa = PBXVariantGroup;
			children = (
				E4DD06921DCE1EAF003AE34C /* Base */,
			);
			name = Main.storyboard;
			sourceTree = "<group>";
		};
		E4DD06961DCE1EAF003AE34C /* LaunchScreen.storyboard */ = {
			isa = PBXVariantGroup;
			children = (
				E4DD06971DCE1EAF003AE34C /* Base */,
			);
			name = LaunchScreen.storyboard;
			sourceTree = "<group>";
		};
/* End PBXVariantGroup section */

/* Begin XCBuildConfiguration section */
		E4DD069A1DCE1EAF003AE34C /* Debug */ = {
			isa = XCBuildConfiguration;
			buildSettings = {
				ALWAYS_SEARCH_USER_PATHS = NO;
				CLANG_ANALYZER_NONNULL = YES;
				CLANG_CXX_LANGUAGE_STANDARD = "gnu++0x";
				CLANG_CXX_LIBRARY = "libc++";
				CLANG_ENABLE_MODULES = YES;
				CLANG_ENABLE_OBJC_ARC = YES;
				CLANG_WARN_BOOL_CONVERSION = YES;
				CLANG_WARN_CONSTANT_CONVERSION = YES;
				CLANG_WARN_DIRECT_OBJC_ISA_USAGE = YES_ERROR;
				CLANG_WARN_EMPTY_BODY = YES;
				CLANG_WARN_ENUM_CONVERSION = YES;
				CLANG_WARN_INT_CONVERSION = YES;
				CLANG_WARN_OBJC_ROOT_CLASS = YES_ERROR;
				CLANG_WARN_UNREACHABLE_CODE = YES;
				CLANG_WARN__DUPLICATE_METHOD_MATCH = YES;
				"CODE_SIGN_IDENTITY[sdk=iphoneos*]" = "iPhone Developer";
				COPY_PHASE_STRIP = NO;
				DEBUG_INFORMATION_FORMAT = dwarf;
				ENABLE_STRICT_OBJC_MSGSEND = YES;
				ENABLE_TESTABILITY = YES;
				GCC_C_LANGUAGE_STANDARD = gnu99;
				GCC_DYNAMIC_NO_PIC = NO;
				GCC_NO_COMMON_BLOCKS = YES;
				GCC_OPTIMIZATION_LEVEL = 0;
				GCC_PREPROCESSOR_DEFINITIONS = (
					"DEBUG=1",
					"$(inherited)",
				);
				GCC_WARN_64_TO_32_BIT_CONVERSION = YES;
				GCC_WARN_ABOUT_RETURN_TYPE = YES_ERROR;
				GCC_WARN_UNDECLARED_SELECTOR = YES;
				GCC_WARN_UNINITIALIZED_AUTOS = YES_AGGRESSIVE;
				GCC_WARN_UNUSED_FUNCTION = YES;
				GCC_WARN_UNUSED_VARIABLE = YES;
				IPHONEOS_DEPLOYMENT_TARGET = 9.3;
				MTL_ENABLE_DEBUG_INFO = YES;
				ONLY_ACTIVE_ARCH = YES;
				SDKROOT = iphoneos;
				TARGETED_DEVICE_FAMILY = "1,2";
			};
			name = Debug;
		};
		E4DD069B1DCE1EAF003AE34C /* Release */ = {
			isa = XCBuildConfiguration;
			buildSettings = {
				ALWAYS_SEARCH_USER_PATHS = NO;
				CLANG_ANALYZER_NONNULL = YES;
				CLANG_CXX_LANGUAGE_STANDARD = "gnu++0x";
				CLANG_CXX_LIBRARY = "libc++";
				CLANG_ENABLE_MODULES = YES;
				CLANG_ENABLE_OBJC_ARC = YES;
				CLANG_WARN_BOOL_CONVERSION = YES;
				CLANG_WARN_CONSTANT_CONVERSION = YES;
				CLANG_WARN_DIRECT_OBJC_ISA_USAGE = YES_ERROR;
				CLANG_WARN_EMPTY_BODY = YES;
				CLANG_WARN_ENUM_CONVERSION = YES;
				CLANG_WARN_INT_CONVERSION = YES;
				CLANG_WARN_OBJC_ROOT_CLASS = YES_ERROR;
				CLANG_WARN_UNREACHABLE_CODE = YES;
				CLANG_WARN__DUPLICATE_METHOD_MATCH = YES;
				"CODE_SIGN_IDENTITY[sdk=iphoneos*]" = "iPhone Developer";
				COPY_PHASE_STRIP = NO;
				DEBUG_INFORMATION_FORMAT = "dwarf-with-dsym";
				ENABLE_NS_ASSERTIONS = NO;
				ENABLE_STRICT_OBJC_MSGSEND = YES;
				GCC_C_LANGUAGE_STANDARD = gnu99;
				GCC_NO_COMMON_BLOCKS = YES;
				GCC_WARN_64_TO_32_BIT_CONVERSION = YES;
				GCC_WARN_ABOUT_RETURN_TYPE = YES_ERROR;
				GCC_WARN_UNDECLARED_SELECTOR = YES;
				GCC_WARN_UNINITIALIZED_AUTOS = YES_AGGRESSIVE;
				GCC_WARN_UNUSED_FUNCTION = YES;
				GCC_WARN_UNUSED_VARIABLE = YES;
				IPHONEOS_DEPLOYMENT_TARGET = 9.3;
				MTL_ENABLE_DEBUG_INFO = NO;
				SDKROOT = iphoneos;
				TARGETED_DEVICE_FAMILY = "1,2";
				VALIDATE_PRODUCT = YES;
			};
			name = Release;
		};
		E4DD069D1DCE1EAF003AE34C /* Debug */ = {
			isa = XCBuildConfiguration;
			buildSettings = {
				ASSETCATALOG_COMPILER_APPICON_NAME = AppIcon;
				INFOPLIST_FILE = Quiz2CristianFernandez/Info.plist;
				LD_RUNPATH_SEARCH_PATHS = "$(inherited) @executable_path/Frameworks";
				PRODUCT_BUNDLE_IDENTIFIER = home.Quiz2CristianFernandez;
				PRODUCT_NAME = "$(TARGET_NAME)";
			};
			name = Debug;
		};
		E4DD069E1DCE1EAF003AE34C /* Release */ = {
			isa = XCBuildConfiguration;
			buildSettings = {
				ASSETCATALOG_COMPILER_APPICON_NAME = AppIcon;
				INFOPLIST_FILE = Quiz2CristianFernandez/Info.plist;
				LD_RUNPATH_SEARCH_PATHS = "$(inherited) @executable_path/Frameworks";
				PRODUCT_BUNDLE_IDENTIFIER = home.Quiz2CristianFernandez;
				PRODUCT_NAME = "$(TARGET_NAME)";
			};
			name = Release;
		};
/* End XCBuildConfiguration section */

/* Begin XCConfigurationList section */
		E4DD06801DCE1EAF003AE34C /* Build configuration list for PBXProject "Quiz2CristianFernandez" */ = {
			isa = XCConfigurationList;
			buildConfigurations = (
				E4DD069A1DCE1EAF003AE34C /* Debug */,
				E4DD069B1DCE1EAF003AE34C /* Release */,
			);
			defaultConfigurationIsVisible = 0;
			defaultConfigurationName = Release;
		};
		E4DD069C1DCE1EAF003AE34C /* Build configuration list for PBXNativeTarget "Quiz2CristianFernandez" */ = {
			isa = XCConfigurationList;
			buildConfigurations = (
				E4DD069D1DCE1EAF003AE34C /* Debug */,
				E4DD069E1DCE1EAF003AE34C /* Release */,
			);
			defaultConfigurationIsVisible = 0;
			defaultConfigurationName = Release;
		};
/* End XCConfigurationList section */
	};
	rootObject = E4DD067D1DCE1EAF003AE34C /* Project object */;
}
